// !$*UTF8*$!
{
	archiveVersion = 1;
	classes = {
	};
	objectVersion = 56;
	objects = {

/* Begin PBXBuildFile section */
		CE276DB52B1320AD00FF59C7 /* ThemeProtocol.swift in Sources */ = {isa = PBXBuildFile; fileRef = CE276DB42B1320AD00FF59C7 /* ThemeProtocol.swift */; };
		CE276DB82B1321ED00FF59C7 /* ThemeCollection.swift in Sources */ = {isa = PBXBuildFile; fileRef = CE276DB72B1321ED00FF59C7 /* ThemeCollection.swift */; };
		CE6E6C312B0F039D00894C3A /* MainHeader.swift in Sources */ = {isa = PBXBuildFile; fileRef = CE6E6C302B0F039D00894C3A /* MainHeader.swift */; };
		CE6E6C332B0F107F00894C3A /* PersonCard.swift in Sources */ = {isa = PBXBuildFile; fileRef = CE6E6C322B0F107F00894C3A /* PersonCard.swift */; };
		CE6EF3202B0FE0E700140979 /* Poppins-Black.ttf in Resources */ = {isa = PBXBuildFile; fileRef = CE6EF30E2B0FE0E500140979 /* Poppins-Black.ttf */; };
		CE6EF3212B0FE0E700140979 /* Poppins-LightItalic.ttf in Resources */ = {isa = PBXBuildFile; fileRef = CE6EF30F2B0FE0E500140979 /* Poppins-LightItalic.ttf */; };
		CE6EF3222B0FE0E700140979 /* Poppins-BoldItalic.ttf in Resources */ = {isa = PBXBuildFile; fileRef = CE6EF3102B0FE0E600140979 /* Poppins-BoldItalic.ttf */; };
		CE6EF3232B0FE0E700140979 /* Poppins-Light.ttf in Resources */ = {isa = PBXBuildFile; fileRef = CE6EF3112B0FE0E600140979 /* Poppins-Light.ttf */; };
		CE6EF3242B0FE0E700140979 /* Poppins-BlackItalic.ttf in Resources */ = {isa = PBXBuildFile; fileRef = CE6EF3122B0FE0E600140979 /* Poppins-BlackItalic.ttf */; };
		CE6EF3252B0FE0E700140979 /* Poppins-Medium.ttf in Resources */ = {isa = PBXBuildFile; fileRef = CE6EF3132B0FE0E600140979 /* Poppins-Medium.ttf */; };
		CE6EF3262B0FE0E700140979 /* Poppins-Italic.ttf in Resources */ = {isa = PBXBuildFile; fileRef = CE6EF3142B0FE0E600140979 /* Poppins-Italic.ttf */; };
		CE6EF3272B0FE0E700140979 /* Poppins-Thin.ttf in Resources */ = {isa = PBXBuildFile; fileRef = CE6EF3152B0FE0E600140979 /* Poppins-Thin.ttf */; };
		CE6EF3282B0FE0E700140979 /* Poppins-ExtraLight.ttf in Resources */ = {isa = PBXBuildFile; fileRef = CE6EF3162B0FE0E600140979 /* Poppins-ExtraLight.ttf */; };
		CE6EF3292B0FE0E700140979 /* Poppins-Bold.ttf in Resources */ = {isa = PBXBuildFile; fileRef = CE6EF3172B0FE0E600140979 /* Poppins-Bold.ttf */; };
		CE6EF32A2B0FE0E700140979 /* Poppins-MediumItalic.ttf in Resources */ = {isa = PBXBuildFile; fileRef = CE6EF3182B0FE0E600140979 /* Poppins-MediumItalic.ttf */; };
		CE6EF32B2B0FE0E700140979 /* Poppins-ExtraBoldItalic.ttf in Resources */ = {isa = PBXBuildFile; fileRef = CE6EF3192B0FE0E700140979 /* Poppins-ExtraBoldItalic.ttf */; };
		CE6EF32C2B0FE0E700140979 /* Poppins-SemiBoldItalic.ttf in Resources */ = {isa = PBXBuildFile; fileRef = CE6EF31A2B0FE0E700140979 /* Poppins-SemiBoldItalic.ttf */; };
		CE6EF32D2B0FE0E700140979 /* Poppins-SemiBold.ttf in Resources */ = {isa = PBXBuildFile; fileRef = CE6EF31B2B0FE0E700140979 /* Poppins-SemiBold.ttf */; };
		CE6EF32E2B0FE0E700140979 /* Poppins-ExtraLightItalic.ttf in Resources */ = {isa = PBXBuildFile; fileRef = CE6EF31C2B0FE0E700140979 /* Poppins-ExtraLightItalic.ttf */; };
		CE6EF32F2B0FE0E700140979 /* Poppins-ThinItalic.ttf in Resources */ = {isa = PBXBuildFile; fileRef = CE6EF31D2B0FE0E700140979 /* Poppins-ThinItalic.ttf */; };
		CE6EF3302B0FE0E700140979 /* Poppins-Regular.ttf in Resources */ = {isa = PBXBuildFile; fileRef = CE6EF31E2B0FE0E700140979 /* Poppins-Regular.ttf */; };
		CE6EF3312B0FE0E700140979 /* Poppins-ExtraBold.ttf in Resources */ = {isa = PBXBuildFile; fileRef = CE6EF31F2B0FE0E700140979 /* Poppins-ExtraBold.ttf */; };
		CE6EF3332B0FE8A400140979 /* ContactCard.swift in Sources */ = {isa = PBXBuildFile; fileRef = CE6EF3322B0FE8A400140979 /* ContactCard.swift */; };
		CE6EF3382B0FF07000140979 /* Person.swift in Sources */ = {isa = PBXBuildFile; fileRef = CE6EF3372B0FF07000140979 /* Person.swift */; };
		CE6EF33A2B0FF51000140979 /* test_app.swift in Sources */ = {isa = PBXBuildFile; fileRef = CE6EF3392B0FF51000140979 /* test_app.swift */; };
		CE6EF33C2B0FF56100140979 /* EmptyTabView.swift in Sources */ = {isa = PBXBuildFile; fileRef = CE6EF33B2B0FF56100140979 /* EmptyTabView.swift */; };
		CE6EF33F2B0FF5B900140979 /* MainTabView.swift in Sources */ = {isa = PBXBuildFile; fileRef = CE6EF33E2B0FF5B900140979 /* MainTabView.swift */; };
		CE6F80B32B10BAB400985504 /* NavTabBar.swift in Sources */ = {isa = PBXBuildFile; fileRef = CE6F80B22B10BAB400985504 /* NavTabBar.swift */; };
		CE6F80B52B10D70300985504 /* Nunito-VariableFont_wght.ttf in Resources */ = {isa = PBXBuildFile; fileRef = CE6F80B42B10D70300985504 /* Nunito-VariableFont_wght.ttf */; };
		CE6F93792B0F3C1E00A1C2C8 /* SearchBar.swift in Sources */ = {isa = PBXBuildFile; fileRef = CE6F93782B0F3C1E00A1C2C8 /* SearchBar.swift */; };
		CE6F937B2B0F3CCB00A1C2C8 /* Actions.swift in Sources */ = {isa = PBXBuildFile; fileRef = CE6F937A2B0F3CCB00A1C2C8 /* Actions.swift */; };
		CE6F937E2B0F3D4400A1C2C8 /* LargeButton.swift in Sources */ = {isa = PBXBuildFile; fileRef = CE6F937D2B0F3D4400A1C2C8 /* LargeButton.swift */; };
		CE6F93802B0F425B00A1C2C8 /* Contacts.swift in Sources */ = {isa = PBXBuildFile; fileRef = CE6F937F2B0F425B00A1C2C8 /* Contacts.swift */; };
		CEB362EE29885178000D80E1 /* ContentView.swift in Sources */ = {isa = PBXBuildFile; fileRef = CEB362ED29885178000D80E1 /* ContentView.swift */; };
		CEB362F02988517B000D80E1 /* Assets.xcassets in Resources */ = {isa = PBXBuildFile; fileRef = CEB362EF2988517B000D80E1 /* Assets.xcassets */; };
		CEB362F32988517B000D80E1 /* Preview Assets.xcassets in Resources */ = {isa = PBXBuildFile; fileRef = CEB362F22988517B000D80E1 /* Preview Assets.xcassets */; };
		CEB362FD2988517B000D80E1 /* test_appTests.swift in Sources */ = {isa = PBXBuildFile; fileRef = CEB362FC2988517B000D80E1 /* test_appTests.swift */; };
		CEB363072988517B000D80E1 /* test_appUITests.swift in Sources */ = {isa = PBXBuildFile; fileRef = CEB363062988517B000D80E1 /* test_appUITests.swift */; };
		CEB363092988517B000D80E1 /* test_appUITestsLaunchTests.swift in Sources */ = {isa = PBXBuildFile; fileRef = CEB363082988517B000D80E1 /* test_appUITestsLaunchTests.swift */; };
		CED2D90E2B14E3F40039A1F5 /* CardMinorLabel.swift in Sources */ = {isa = PBXBuildFile; fileRef = CED2D90D2B14E3F40039A1F5 /* CardMinorLabel.swift */; };
		CED2D9102B14E9F40039A1F5 /* CardMajorLabel.swift in Sources */ = {isa = PBXBuildFile; fileRef = CED2D90F2B14E9F40039A1F5 /* CardMajorLabel.swift */; };
/* End PBXBuildFile section */

/* Begin PBXContainerItemProxy section */
		CEB362F92988517B000D80E1 /* PBXContainerItemProxy */ = {
			isa = PBXContainerItemProxy;
			containerPortal = CEB362E029885177000D80E1 /* Project object */;
			proxyType = 1;
			remoteGlobalIDString = CEB362E729885177000D80E1;
			remoteInfo = test_app;
		};
		CEB363032988517B000D80E1 /* PBXContainerItemProxy */ = {
			isa = PBXContainerItemProxy;
			containerPortal = CEB362E029885177000D80E1 /* Project object */;
			proxyType = 1;
			remoteGlobalIDString = CEB362E729885177000D80E1;
			remoteInfo = test_app;
		};
/* End PBXContainerItemProxy section */

/* Begin PBXFileReference section */
		CE276DB42B1320AD00FF59C7 /* ThemeProtocol.swift */ = {isa = PBXFileReference; lastKnownFileType = sourcecode.swift; path = ThemeProtocol.swift; sourceTree = "<group>"; };
		CE276DB72B1321ED00FF59C7 /* ThemeCollection.swift */ = {isa = PBXFileReference; lastKnownFileType = sourcecode.swift; path = ThemeCollection.swift; sourceTree = "<group>"; };
		CE6E6C302B0F039D00894C3A /* MainHeader.swift */ = {isa = PBXFileReference; lastKnownFileType = sourcecode.swift; path = MainHeader.swift; sourceTree = "<group>"; };
		CE6E6C322B0F107F00894C3A /* PersonCard.swift */ = {isa = PBXFileReference; lastKnownFileType = sourcecode.swift; path = PersonCard.swift; sourceTree = "<group>"; };
		CE6EF30E2B0FE0E500140979 /* Poppins-Black.ttf */ = {isa = PBXFileReference; lastKnownFileType = file; path = "Poppins-Black.ttf"; sourceTree = "<group>"; };
		CE6EF30F2B0FE0E500140979 /* Poppins-LightItalic.ttf */ = {isa = PBXFileReference; lastKnownFileType = file; path = "Poppins-LightItalic.ttf"; sourceTree = "<group>"; };
		CE6EF3102B0FE0E600140979 /* Poppins-BoldItalic.ttf */ = {isa = PBXFileReference; lastKnownFileType = file; path = "Poppins-BoldItalic.ttf"; sourceTree = "<group>"; };
		CE6EF3112B0FE0E600140979 /* Poppins-Light.ttf */ = {isa = PBXFileReference; lastKnownFileType = file; path = "Poppins-Light.ttf"; sourceTree = "<group>"; };
		CE6EF3122B0FE0E600140979 /* Poppins-BlackItalic.ttf */ = {isa = PBXFileReference; lastKnownFileType = file; path = "Poppins-BlackItalic.ttf"; sourceTree = "<group>"; };
		CE6EF3132B0FE0E600140979 /* Poppins-Medium.ttf */ = {isa = PBXFileReference; lastKnownFileType = file; path = "Poppins-Medium.ttf"; sourceTree = "<group>"; };
		CE6EF3142B0FE0E600140979 /* Poppins-Italic.ttf */ = {isa = PBXFileReference; lastKnownFileType = file; path = "Poppins-Italic.ttf"; sourceTree = "<group>"; };
		CE6EF3152B0FE0E600140979 /* Poppins-Thin.ttf */ = {isa = PBXFileReference; lastKnownFileType = file; path = "Poppins-Thin.ttf"; sourceTree = "<group>"; };
		CE6EF3162B0FE0E600140979 /* Poppins-ExtraLight.ttf */ = {isa = PBXFileReference; lastKnownFileType = file; path = "Poppins-ExtraLight.ttf"; sourceTree = "<group>"; };
		CE6EF3172B0FE0E600140979 /* Poppins-Bold.ttf */ = {isa = PBXFileReference; lastKnownFileType = file; path = "Poppins-Bold.ttf"; sourceTree = "<group>"; };
		CE6EF3182B0FE0E600140979 /* Poppins-MediumItalic.ttf */ = {isa = PBXFileReference; lastKnownFileType = file; path = "Poppins-MediumItalic.ttf"; sourceTree = "<group>"; };
		CE6EF3192B0FE0E700140979 /* Poppins-ExtraBoldItalic.ttf */ = {isa = PBXFileReference; lastKnownFileType = file; path = "Poppins-ExtraBoldItalic.ttf"; sourceTree = "<group>"; };
		CE6EF31A2B0FE0E700140979 /* Poppins-SemiBoldItalic.ttf */ = {isa = PBXFileReference; lastKnownFileType = file; path = "Poppins-SemiBoldItalic.ttf"; sourceTree = "<group>"; };
		CE6EF31B2B0FE0E700140979 /* Poppins-SemiBold.ttf */ = {isa = PBXFileReference; lastKnownFileType = file; path = "Poppins-SemiBold.ttf"; sourceTree = "<group>"; };
		CE6EF31C2B0FE0E700140979 /* Poppins-ExtraLightItalic.ttf */ = {isa = PBXFileReference; lastKnownFileType = file; path = "Poppins-ExtraLightItalic.ttf"; sourceTree = "<group>"; };
		CE6EF31D2B0FE0E700140979 /* Poppins-ThinItalic.ttf */ = {isa = PBXFileReference; lastKnownFileType = file; path = "Poppins-ThinItalic.ttf"; sourceTree = "<group>"; };
		CE6EF31E2B0FE0E700140979 /* Poppins-Regular.ttf */ = {isa = PBXFileReference; lastKnownFileType = file; path = "Poppins-Regular.ttf"; sourceTree = "<group>"; };
		CE6EF31F2B0FE0E700140979 /* Poppins-ExtraBold.ttf */ = {isa = PBXFileReference; lastKnownFileType = file; path = "Poppins-ExtraBold.ttf"; sourceTree = "<group>"; };
		CE6EF3322B0FE8A400140979 /* ContactCard.swift */ = {isa = PBXFileReference; lastKnownFileType = sourcecode.swift; path = ContactCard.swift; sourceTree = "<group>"; };
		CE6EF3372B0FF07000140979 /* Person.swift */ = {isa = PBXFileReference; lastKnownFileType = sourcecode.swift; path = Person.swift; sourceTree = "<group>"; };
		CE6EF3392B0FF51000140979 /* test_app.swift */ = {isa = PBXFileReference; lastKnownFileType = sourcecode.swift; path = test_app.swift; sourceTree = "<group>"; };
		CE6EF33B2B0FF56100140979 /* EmptyTabView.swift */ = {isa = PBXFileReference; lastKnownFileType = sourcecode.swift; path = EmptyTabView.swift; sourceTree = "<group>"; };
		CE6EF33E2B0FF5B900140979 /* MainTabView.swift */ = {isa = PBXFileReference; lastKnownFileType = sourcecode.swift; path = MainTabView.swift; sourceTree = "<group>"; };
		CE6F80B22B10BAB400985504 /* NavTabBar.swift */ = {isa = PBXFileReference; lastKnownFileType = sourcecode.swift; path = NavTabBar.swift; sourceTree = "<group>"; };
		CE6F80B42B10D70300985504 /* Nunito-VariableFont_wght.ttf */ = {isa = PBXFileReference; lastKnownFileType = file; path = "Nunito-VariableFont_wght.ttf"; sourceTree = "<group>"; };
		CE6F93782B0F3C1E00A1C2C8 /* SearchBar.swift */ = {isa = PBXFileReference; lastKnownFileType = sourcecode.swift; path = SearchBar.swift; sourceTree = "<group>"; };
		CE6F937A2B0F3CCB00A1C2C8 /* Actions.swift */ = {isa = PBXFileReference; lastKnownFileType = sourcecode.swift; path = Actions.swift; sourceTree = "<group>"; };
		CE6F937D2B0F3D4400A1C2C8 /* LargeButton.swift */ = {isa = PBXFileReference; lastKnownFileType = sourcecode.swift; path = LargeButton.swift; sourceTree = "<group>"; };
		CE6F937F2B0F425B00A1C2C8 /* Contacts.swift */ = {isa = PBXFileReference; lastKnownFileType = sourcecode.swift; path = Contacts.swift; sourceTree = "<group>"; };
		CEB362E829885177000D80E1 /* test_app.app */ = {isa = PBXFileReference; explicitFileType = wrapper.application; includeInIndex = 0; path = test_app.app; sourceTree = BUILT_PRODUCTS_DIR; };
		CEB362ED29885178000D80E1 /* ContentView.swift */ = {isa = PBXFileReference; lastKnownFileType = sourcecode.swift; path = ContentView.swift; sourceTree = "<group>"; };
		CEB362EF2988517B000D80E1 /* Assets.xcassets */ = {isa = PBXFileReference; lastKnownFileType = folder.assetcatalog; path = Assets.xcassets; sourceTree = "<group>"; };
		CEB362F22988517B000D80E1 /* Preview Assets.xcassets */ = {isa = PBXFileReference; lastKnownFileType = folder.assetcatalog; path = "Preview Assets.xcassets"; sourceTree = "<group>"; };
		CEB362F82988517B000D80E1 /* test_appTests.xctest */ = {isa = PBXFileReference; explicitFileType = wrapper.cfbundle; includeInIndex = 0; path = test_appTests.xctest; sourceTree = BUILT_PRODUCTS_DIR; };
		CEB362FC2988517B000D80E1 /* test_appTests.swift */ = {isa = PBXFileReference; lastKnownFileType = sourcecode.swift; path = test_appTests.swift; sourceTree = "<group>"; };
		CEB363022988517B000D80E1 /* test_appUITests.xctest */ = {isa = PBXFileReference; explicitFileType = wrapper.cfbundle; includeInIndex = 0; path = test_appUITests.xctest; sourceTree = BUILT_PRODUCTS_DIR; };
		CEB363062988517B000D80E1 /* test_appUITests.swift */ = {isa = PBXFileReference; lastKnownFileType = sourcecode.swift; path = test_appUITests.swift; sourceTree = "<group>"; };
		CEB363082988517B000D80E1 /* test_appUITestsLaunchTests.swift */ = {isa = PBXFileReference; lastKnownFileType = sourcecode.swift; path = test_appUITestsLaunchTests.swift; sourceTree = "<group>"; };
		CED2D90D2B14E3F40039A1F5 /* CardMinorLabel.swift */ = {isa = PBXFileReference; lastKnownFileType = sourcecode.swift; path = CardMinorLabel.swift; sourceTree = "<group>"; };
		CED2D90F2B14E9F40039A1F5 /* CardMajorLabel.swift */ = {isa = PBXFileReference; lastKnownFileType = sourcecode.swift; path = CardMajorLabel.swift; sourceTree = "<group>"; };
/* End PBXFileReference section */

/* Begin PBXFrameworksBuildPhase section */
		CEB362E529885177000D80E1 /* Frameworks */ = {
			isa = PBXFrameworksBuildPhase;
			buildActionMask = 2147483647;
			files = (
			);
			runOnlyForDeploymentPostprocessing = 0;
		};
		CEB362F52988517B000D80E1 /* Frameworks */ = {
			isa = PBXFrameworksBuildPhase;
			buildActionMask = 2147483647;
			files = (
			);
			runOnlyForDeploymentPostprocessing = 0;
		};
		CEB362FF2988517B000D80E1 /* Frameworks */ = {
			isa = PBXFrameworksBuildPhase;
			buildActionMask = 2147483647;
			files = (
			);
			runOnlyForDeploymentPostprocessing = 0;
		};
/* End PBXFrameworksBuildPhase section */

/* Begin PBXGroup section */
		CE276DB32B13208400FF59C7 /* Protocols */ = {
			isa = PBXGroup;
			children = (
				CE276DB42B1320AD00FF59C7 /* ThemeProtocol.swift */,
			);
			path = Protocols;
			sourceTree = "<group>";
		};
		CE276DB62B1321D500FF59C7 /* Collections */ = {
			isa = PBXGroup;
			children = (
				CE276DB72B1321ED00FF59C7 /* ThemeCollection.swift */,
			);
			path = Collections;
			sourceTree = "<group>";
		};
		CE6E6C2F2B0F035100894C3A /* Containers */ = {
			isa = PBXGroup;
			children = (
				CE6E6C302B0F039D00894C3A /* MainHeader.swift */,
				CE6E6C322B0F107F00894C3A /* PersonCard.swift */,
				CE6F93782B0F3C1E00A1C2C8 /* SearchBar.swift */,
				CE6F937A2B0F3CCB00A1C2C8 /* Actions.swift */,
				CE6F937F2B0F425B00A1C2C8 /* Contacts.swift */,
				CE6EF3322B0FE8A400140979 /* ContactCard.swift */,
				CE6F80B22B10BAB400985504 /* NavTabBar.swift */,
				CED2D90D2B14E3F40039A1F5 /* CardMinorLabel.swift */,
				CED2D90F2B14E9F40039A1F5 /* CardMajorLabel.swift */,
			);
			path = Containers;
			sourceTree = "<group>";
		};
		CE6EF3072B0FC4A200140979 /* Fonts */ = {
			isa = PBXGroup;
			children = (
				CE6F80B42B10D70300985504 /* Nunito-VariableFont_wght.ttf */,
				CE6EF30E2B0FE0E500140979 /* Poppins-Black.ttf */,
				CE6EF3122B0FE0E600140979 /* Poppins-BlackItalic.ttf */,
				CE6EF3172B0FE0E600140979 /* Poppins-Bold.ttf */,
				CE6EF3102B0FE0E600140979 /* Poppins-BoldItalic.ttf */,
				CE6EF31F2B0FE0E700140979 /* Poppins-ExtraBold.ttf */,
				CE6EF3192B0FE0E700140979 /* Poppins-ExtraBoldItalic.ttf */,
				CE6EF3162B0FE0E600140979 /* Poppins-ExtraLight.ttf */,
				CE6EF31C2B0FE0E700140979 /* Poppins-ExtraLightItalic.ttf */,
				CE6EF3142B0FE0E600140979 /* Poppins-Italic.ttf */,
				CE6EF3112B0FE0E600140979 /* Poppins-Light.ttf */,
				CE6EF30F2B0FE0E500140979 /* Poppins-LightItalic.ttf */,
				CE6EF3132B0FE0E600140979 /* Poppins-Medium.ttf */,
				CE6EF3182B0FE0E600140979 /* Poppins-MediumItalic.ttf */,
				CE6EF31E2B0FE0E700140979 /* Poppins-Regular.ttf */,
				CE6EF31B2B0FE0E700140979 /* Poppins-SemiBold.ttf */,
				CE6EF31A2B0FE0E700140979 /* Poppins-SemiBoldItalic.ttf */,
				CE6EF3152B0FE0E600140979 /* Poppins-Thin.ttf */,
				CE6EF31D2B0FE0E700140979 /* Poppins-ThinItalic.ttf */,
			);
			path = Fonts;
			sourceTree = "<group>";
		};
		CE6EF3342B0FEFD700140979 /* Structures */ = {
			isa = PBXGroup;
			children = (
				CE6EF3372B0FF07000140979 /* Person.swift */,
			);
			path = Structures;
			sourceTree = "<group>";
		};
		CE6EF33D2B0FF59B00140979 /* Tabs */ = {
			isa = PBXGroup;
			children = (
				CE6EF33B2B0FF56100140979 /* EmptyTabView.swift */,
				CE6EF33E2B0FF5B900140979 /* MainTabView.swift */,
			);
			path = Tabs;
			sourceTree = "<group>";
		};
		CE6F937C2B0F3D1B00A1C2C8 /* Buttons */ = {
			isa = PBXGroup;
			children = (
				CE6F937D2B0F3D4400A1C2C8 /* LargeButton.swift */,
			);
			path = Buttons;
			sourceTree = "<group>";
		};
		CEB362DF29885177000D80E1 = {
			isa = PBXGroup;
			children = (
				CEB362EA29885177000D80E1 /* test_app */,
				CEB362FB2988517B000D80E1 /* test_appTests */,
				CEB363052988517B000D80E1 /* test_appUITests */,
				CEB362E929885177000D80E1 /* Products */,
			);
			sourceTree = "<group>";
		};
		CEB362E929885177000D80E1 /* Products */ = {
			isa = PBXGroup;
			children = (
				CEB362E829885177000D80E1 /* test_app.app */,
				CEB362F82988517B000D80E1 /* test_appTests.xctest */,
				CEB363022988517B000D80E1 /* test_appUITests.xctest */,
			);
			name = Products;
			sourceTree = "<group>";
		};
		CEB362EA29885177000D80E1 /* test_app */ = {
			isa = PBXGroup;
			children = (
				CE276DB62B1321D500FF59C7 /* Collections */,
				CE276DB32B13208400FF59C7 /* Protocols */,
				CE6EF33D2B0FF59B00140979 /* Tabs */,
				CE6EF3342B0FEFD700140979 /* Structures */,
				CE6EF3072B0FC4A200140979 /* Fonts */,
				CE6F937C2B0F3D1B00A1C2C8 /* Buttons */,
				CE6E6C2F2B0F035100894C3A /* Containers */,
				CEB362ED29885178000D80E1 /* ContentView.swift */,
				CE6EF3392B0FF51000140979 /* test_app.swift */,
				CEB362EF2988517B000D80E1 /* Assets.xcassets */,
				CEB362F12988517B000D80E1 /* Preview Content */,
			);
			path = test_app;
			sourceTree = "<group>";
		};
		CEB362F12988517B000D80E1 /* Preview Content */ = {
			isa = PBXGroup;
			children = (
				CEB362F22988517B000D80E1 /* Preview Assets.xcassets */,
			);
			path = "Preview Content";
			sourceTree = "<group>";
		};
		CEB362FB2988517B000D80E1 /* test_appTests */ = {
			isa = PBXGroup;
			children = (
				CEB362FC2988517B000D80E1 /* test_appTests.swift */,
			);
			path = test_appTests;
			sourceTree = "<group>";
		};
		CEB363052988517B000D80E1 /* test_appUITests */ = {
			isa = PBXGroup;
			children = (
				CEB363062988517B000D80E1 /* test_appUITests.swift */,
				CEB363082988517B000D80E1 /* test_appUITestsLaunchTests.swift */,
			);
			path = test_appUITests;
			sourceTree = "<group>";
		};
/* End PBXGroup section */

/* Begin PBXNativeTarget section */
		CEB362E729885177000D80E1 /* test_app */ = {
			isa = PBXNativeTarget;
			buildConfigurationList = CEB3630C2988517B000D80E1 /* Build configuration list for PBXNativeTarget "test_app" */;
			buildPhases = (
				CEB362E429885177000D80E1 /* Sources */,
				CEB362E529885177000D80E1 /* Frameworks */,
				CEB362E629885177000D80E1 /* Resources */,
			);
			buildRules = (
			);
			dependencies = (
			);
			name = test_app;
			productName = test_app;
			productReference = CEB362E829885177000D80E1 /* test_app.app */;
			productType = "com.apple.product-type.application";
		};
		CEB362F72988517B000D80E1 /* test_appTests */ = {
			isa = PBXNativeTarget;
			buildConfigurationList = CEB3630F2988517B000D80E1 /* Build configuration list for PBXNativeTarget "test_appTests" */;
			buildPhases = (
				CEB362F42988517B000D80E1 /* Sources */,
				CEB362F52988517B000D80E1 /* Frameworks */,
				CEB362F62988517B000D80E1 /* Resources */,
			);
			buildRules = (
			);
			dependencies = (
				CEB362FA2988517B000D80E1 /* PBXTargetDependency */,
			);
			name = test_appTests;
			productName = test_appTests;
			productReference = CEB362F82988517B000D80E1 /* test_appTests.xctest */;
			productType = "com.apple.product-type.bundle.unit-test";
		};
		CEB363012988517B000D80E1 /* test_appUITests */ = {
			isa = PBXNativeTarget;
			buildConfigurationList = CEB363122988517B000D80E1 /* Build configuration list for PBXNativeTarget "test_appUITests" */;
			buildPhases = (
				CEB362FE2988517B000D80E1 /* Sources */,
				CEB362FF2988517B000D80E1 /* Frameworks */,
				CEB363002988517B000D80E1 /* Resources */,
			);
			buildRules = (
			);
			dependencies = (
				CEB363042988517B000D80E1 /* PBXTargetDependency */,
			);
			name = test_appUITests;
			productName = test_appUITests;
			productReference = CEB363022988517B000D80E1 /* test_appUITests.xctest */;
			productType = "com.apple.product-type.bundle.ui-testing";
		};
/* End PBXNativeTarget section */

/* Begin PBXProject section */
		CEB362E029885177000D80E1 /* Project object */ = {
			isa = PBXProject;
			attributes = {
				BuildIndependentTargetsInParallel = 1;
				LastSwiftUpdateCheck = 1420;
				LastUpgradeCheck = 1420;
				TargetAttributes = {
					CEB362E729885177000D80E1 = {
						CreatedOnToolsVersion = 14.2;
					};
					CEB362F72988517B000D80E1 = {
						CreatedOnToolsVersion = 14.2;
						TestTargetID = CEB362E729885177000D80E1;
					};
					CEB363012988517B000D80E1 = {
						CreatedOnToolsVersion = 14.2;
						TestTargetID = CEB362E729885177000D80E1;
					};
				};
			};
			buildConfigurationList = CEB362E329885177000D80E1 /* Build configuration list for PBXProject "test_app" */;
			compatibilityVersion = "Xcode 14.0";
			developmentRegion = en;
			hasScannedForEncodings = 0;
			knownRegions = (
				en,
				Base,
			);
			mainGroup = CEB362DF29885177000D80E1;
			productRefGroup = CEB362E929885177000D80E1 /* Products */;
			projectDirPath = "";
			projectRoot = "";
			targets = (
				CEB362E729885177000D80E1 /* test_app */,
				CEB362F72988517B000D80E1 /* test_appTests */,
				CEB363012988517B000D80E1 /* test_appUITests */,
			);
		};
/* End PBXProject section */

/* Begin PBXResourcesBuildPhase section */
		CEB362E629885177000D80E1 /* Resources */ = {
			isa = PBXResourcesBuildPhase;
			buildActionMask = 2147483647;
			files = (
				CE6EF3202B0FE0E700140979 /* Poppins-Black.ttf in Resources */,
				CE6F80B52B10D70300985504 /* Nunito-VariableFont_wght.ttf in Resources */,
				CE6EF3242B0FE0E700140979 /* Poppins-BlackItalic.ttf in Resources */,
				CE6EF32A2B0FE0E700140979 /* Poppins-MediumItalic.ttf in Resources */,
				CE6EF3232B0FE0E700140979 /* Poppins-Light.ttf in Resources */,
				CE6EF32E2B0FE0E700140979 /* Poppins-ExtraLightItalic.ttf in Resources */,
				CE6EF3262B0FE0E700140979 /* Poppins-Italic.ttf in Resources */,
				CE6EF32D2B0FE0E700140979 /* Poppins-SemiBold.ttf in Resources */,
				CE6EF32C2B0FE0E700140979 /* Poppins-SemiBoldItalic.ttf in Resources */,
				CEB362F32988517B000D80E1 /* Preview Assets.xcassets in Resources */,
				CEB362F02988517B000D80E1 /* Assets.xcassets in Resources */,
				CE6EF3252B0FE0E700140979 /* Poppins-Medium.ttf in Resources */,
				CE6EF3292B0FE0E700140979 /* Poppins-Bold.ttf in Resources */,
				CE6EF3282B0FE0E700140979 /* Poppins-ExtraLight.ttf in Resources */,
				CE6EF32B2B0FE0E700140979 /* Poppins-ExtraBoldItalic.ttf in Resources */,
				CE6EF3212B0FE0E700140979 /* Poppins-LightItalic.ttf in Resources */,
				CE6EF32F2B0FE0E700140979 /* Poppins-ThinItalic.ttf in Resources */,
				CE6EF3312B0FE0E700140979 /* Poppins-ExtraBold.ttf in Resources */,
				CE6EF3222B0FE0E700140979 /* Poppins-BoldItalic.ttf in Resources */,
				CE6EF3302B0FE0E700140979 /* Poppins-Regular.ttf in Resources */,
				CE6EF3272B0FE0E700140979 /* Poppins-Thin.ttf in Resources */,
			);
			runOnlyForDeploymentPostprocessing = 0;
		};
		CEB362F62988517B000D80E1 /* Resources */ = {
			isa = PBXResourcesBuildPhase;
			buildActionMask = 2147483647;
			files = (
			);
			runOnlyForDeploymentPostprocessing = 0;
		};
		CEB363002988517B000D80E1 /* Resources */ = {
			isa = PBXResourcesBuildPhase;
			buildActionMask = 2147483647;
			files = (
			);
			runOnlyForDeploymentPostprocessing = 0;
		};
/* End PBXResourcesBuildPhase section */

/* Begin PBXSourcesBuildPhase section */
		CEB362E429885177000D80E1 /* Sources */ = {
			isa = PBXSourcesBuildPhase;
			buildActionMask = 2147483647;
			files = (
				CE6EF3382B0FF07000140979 /* Person.swift in Sources */,
				CED2D9102B14E9F40039A1F5 /* CardMajorLabel.swift in Sources */,
				CE6F93802B0F425B00A1C2C8 /* Contacts.swift in Sources */,
				CE6E6C332B0F107F00894C3A /* PersonCard.swift in Sources */,
				CE276DB52B1320AD00FF59C7 /* ThemeProtocol.swift in Sources */,
				CE6EF33A2B0FF51000140979 /* test_app.swift in Sources */,
				CE6E6C312B0F039D00894C3A /* MainHeader.swift in Sources */,
				CE6EF33C2B0FF56100140979 /* EmptyTabView.swift in Sources */,
				CE6F93792B0F3C1E00A1C2C8 /* SearchBar.swift in Sources */,
				CE6F937B2B0F3CCB00A1C2C8 /* Actions.swift in Sources */,
				CE276DB82B1321ED00FF59C7 /* ThemeCollection.swift in Sources */,
				CE6F937E2B0F3D4400A1C2C8 /* LargeButton.swift in Sources */,
				CEB362EE29885178000D80E1 /* ContentView.swift in Sources */,
				CE6EF3332B0FE8A400140979 /* ContactCard.swift in Sources */,
				CE6EF33F2B0FF5B900140979 /* MainTabView.swift in Sources */,
				CED2D90E2B14E3F40039A1F5 /* CardMinorLabel.swift in Sources */,
				CE6F80B32B10BAB400985504 /* NavTabBar.swift in Sources */,
			);
			runOnlyForDeploymentPostprocessing = 0;
		};
		CEB362F42988517B000D80E1 /* Sources */ = {
			isa = PBXSourcesBuildPhase;
			buildActionMask = 2147483647;
			files = (
				CEB362FD2988517B000D80E1 /* test_appTests.swift in Sources */,
			);
			runOnlyForDeploymentPostprocessing = 0;
		};
		CEB362FE2988517B000D80E1 /* Sources */ = {
			isa = PBXSourcesBuildPhase;
			buildActionMask = 2147483647;
			files = (
				CEB363092988517B000D80E1 /* test_appUITestsLaunchTests.swift in Sources */,
				CEB363072988517B000D80E1 /* test_appUITests.swift in Sources */,
			);
			runOnlyForDeploymentPostprocessing = 0;
		};
/* End PBXSourcesBuildPhase section */

/* Begin PBXTargetDependency section */
		CEB362FA2988517B000D80E1 /* PBXTargetDependency */ = {
			isa = PBXTargetDependency;
			target = CEB362E729885177000D80E1 /* test_app */;
			targetProxy = CEB362F92988517B000D80E1 /* PBXContainerItemProxy */;
		};
		CEB363042988517B000D80E1 /* PBXTargetDependency */ = {
			isa = PBXTargetDependency;
			target = CEB362E729885177000D80E1 /* test_app */;
			targetProxy = CEB363032988517B000D80E1 /* PBXContainerItemProxy */;
		};
/* End PBXTargetDependency section */

/* Begin XCBuildConfiguration section */
		CEB3630A2988517B000D80E1 /* Debug */ = {
			isa = XCBuildConfiguration;
			buildSettings = {
				ALWAYS_SEARCH_USER_PATHS = NO;
				CLANG_ANALYZER_NONNULL = YES;
				CLANG_ANALYZER_NUMBER_OBJECT_CONVERSION = YES_AGGRESSIVE;
				CLANG_CXX_LANGUAGE_STANDARD = "gnu++20";
				CLANG_ENABLE_MODULES = YES;
				CLANG_ENABLE_OBJC_ARC = YES;
				CLANG_ENABLE_OBJC_WEAK = YES;
				CLANG_WARN_BLOCK_CAPTURE_AUTORELEASING = YES;
				CLANG_WARN_BOOL_CONVERSION = YES;
				CLANG_WARN_COMMA = YES;
				CLANG_WARN_CONSTANT_CONVERSION = YES;
				CLANG_WARN_DEPRECATED_OBJC_IMPLEMENTATIONS = YES;
				CLANG_WARN_DIRECT_OBJC_ISA_USAGE = YES_ERROR;
				CLANG_WARN_DOCUMENTATION_COMMENTS = YES;
				CLANG_WARN_EMPTY_BODY = YES;
				CLANG_WARN_ENUM_CONVERSION = YES;
				CLANG_WARN_INFINITE_RECURSION = YES;
				CLANG_WARN_INT_CONVERSION = YES;
				CLANG_WARN_NON_LITERAL_NULL_CONVERSION = YES;
				CLANG_WARN_OBJC_IMPLICIT_RETAIN_SELF = YES;
				CLANG_WARN_OBJC_LITERAL_CONVERSION = YES;
				CLANG_WARN_OBJC_ROOT_CLASS = YES_ERROR;
				CLANG_WARN_QUOTED_INCLUDE_IN_FRAMEWORK_HEADER = YES;
				CLANG_WARN_RANGE_LOOP_ANALYSIS = YES;
				CLANG_WARN_STRICT_PROTOTYPES = YES;
				CLANG_WARN_SUSPICIOUS_MOVE = YES;
				CLANG_WARN_UNGUARDED_AVAILABILITY = YES_AGGRESSIVE;
				CLANG_WARN_UNREACHABLE_CODE = YES;
				CLANG_WARN__DUPLICATE_METHOD_MATCH = YES;
				COPY_PHASE_STRIP = NO;
				DEBUG_INFORMATION_FORMAT = dwarf;
				ENABLE_STRICT_OBJC_MSGSEND = YES;
				ENABLE_TESTABILITY = YES;
				GCC_C_LANGUAGE_STANDARD = gnu11;
				GCC_DYNAMIC_NO_PIC = NO;
				GCC_NO_COMMON_BLOCKS = YES;
				GCC_OPTIMIZATION_LEVEL = 0;
				GCC_PREPROCESSOR_DEFINITIONS = (
					"DEBUG=1",
					"$(inherited)",
				);
				GCC_WARN_64_TO_32_BIT_CONVERSION = YES;
				GCC_WARN_ABOUT_RETURN_TYPE = YES_ERROR;
				GCC_WARN_UNDECLARED_SELECTOR = YES;
				GCC_WARN_UNINITIALIZED_AUTOS = YES_AGGRESSIVE;
				GCC_WARN_UNUSED_FUNCTION = YES;
				GCC_WARN_UNUSED_VARIABLE = YES;
				IPHONEOS_DEPLOYMENT_TARGET = 16.2;
				MTL_ENABLE_DEBUG_INFO = INCLUDE_SOURCE;
				MTL_FAST_MATH = YES;
				ONLY_ACTIVE_ARCH = YES;
				SDKROOT = iphoneos;
				SWIFT_ACTIVE_COMPILATION_CONDITIONS = DEBUG;
				SWIFT_OPTIMIZATION_LEVEL = "-Onone";
			};
			name = Debug;
		};
		CEB3630B2988517B000D80E1 /* Release */ = {
			isa = XCBuildConfiguration;
			buildSettings = {
				ALWAYS_SEARCH_USER_PATHS = NO;
				CLANG_ANALYZER_NONNULL = YES;
				CLANG_ANALYZER_NUMBER_OBJECT_CONVERSION = YES_AGGRESSIVE;
				CLANG_CXX_LANGUAGE_STANDARD = "gnu++20";
				CLANG_ENABLE_MODULES = YES;
				CLANG_ENABLE_OBJC_ARC = YES;
				CLANG_ENABLE_OBJC_WEAK = YES;
				CLANG_WARN_BLOCK_CAPTURE_AUTORELEASING = YES;
				CLANG_WARN_BOOL_CONVERSION = YES;
				CLANG_WARN_COMMA = YES;
				CLANG_WARN_CONSTANT_CONVERSION = YES;
				CLANG_WARN_DEPRECATED_OBJC_IMPLEMENTATIONS = YES;
				CLANG_WARN_DIRECT_OBJC_ISA_USAGE = YES_ERROR;
				CLANG_WARN_DOCUMENTATION_COMMENTS = YES;
				CLANG_WARN_EMPTY_BODY = YES;
				CLANG_WARN_ENUM_CONVERSION = YES;
				CLANG_WARN_INFINITE_RECURSION = YES;
				CLANG_WARN_INT_CONVERSION = YES;
				CLANG_WARN_NON_LITERAL_NULL_CONVERSION = YES;
				CLANG_WARN_OBJC_IMPLICIT_RETAIN_SELF = YES;
				CLANG_WARN_OBJC_LITERAL_CONVERSION = YES;
				CLANG_WARN_OBJC_ROOT_CLASS = YES_ERROR;
				CLANG_WARN_QUOTED_INCLUDE_IN_FRAMEWORK_HEADER = YES;
				CLANG_WARN_RANGE_LOOP_ANALYSIS = YES;
				CLANG_WARN_STRICT_PROTOTYPES = YES;
				CLANG_WARN_SUSPICIOUS_MOVE = YES;
				CLANG_WARN_UNGUARDED_AVAILABILITY = YES_AGGRESSIVE;
				CLANG_WARN_UNREACHABLE_CODE = YES;
				CLANG_WARN__DUPLICATE_METHOD_MATCH = YES;
				COPY_PHASE_STRIP = NO;
				DEBUG_INFORMATION_FORMAT = "dwarf-with-dsym";
				ENABLE_NS_ASSERTIONS = NO;
				ENABLE_STRICT_OBJC_MSGSEND = YES;
				GCC_C_LANGUAGE_STANDARD = gnu11;
				GCC_NO_COMMON_BLOCKS = YES;
				GCC_WARN_64_TO_32_BIT_CONVERSION = YES;
				GCC_WARN_ABOUT_RETURN_TYPE = YES_ERROR;
				GCC_WARN_UNDECLARED_SELECTOR = YES;
				GCC_WARN_UNINITIALIZED_AUTOS = YES_AGGRESSIVE;
				GCC_WARN_UNUSED_FUNCTION = YES;
				GCC_WARN_UNUSED_VARIABLE = YES;
				IPHONEOS_DEPLOYMENT_TARGET = 16.2;
				MTL_ENABLE_DEBUG_INFO = NO;
				MTL_FAST_MATH = YES;
				SDKROOT = iphoneos;
				SWIFT_COMPILATION_MODE = wholemodule;
				SWIFT_OPTIMIZATION_LEVEL = "-O";
				VALIDATE_PRODUCT = YES;
			};
			name = Release;
		};
		CEB3630D2988517B000D80E1 /* Debug */ = {
			isa = XCBuildConfiguration;
			buildSettings = {
				ASSETCATALOG_COMPILER_APPICON_NAME = AppIcon;
				ASSETCATALOG_COMPILER_GLOBAL_ACCENT_COLOR_NAME = AccentColor;
				CODE_SIGN_STYLE = Automatic;
				CURRENT_PROJECT_VERSION = 1;
				DEVELOPMENT_ASSET_PATHS = "\"test_app/Preview Content\"";
				ENABLE_PREVIEWS = YES;
				GENERATE_INFOPLIST_FILE = YES;
				INFOPLIST_FILE = "test-app-Info.plist";
				INFOPLIST_KEY_UISupportedInterfaceOrientations_iPad = "UIInterfaceOrientationPortrait UIInterfaceOrientationPortraitUpsideDown UIInterfaceOrientationLandscapeLeft UIInterfaceOrientationLandscapeRight";
				LD_RUNPATH_SEARCH_PATHS = (
					"$(inherited)",
					"@executable_path/Frameworks",
				);
				MARKETING_VERSION = 1.0;
				PRODUCT_BUNDLE_IDENTIFIER = "comptest.test-app";
				PRODUCT_NAME = "$(TARGET_NAME)";
				SWIFT_EMIT_LOC_STRINGS = YES;
				SWIFT_VERSION = 5.0;
				TARGETED_DEVICE_FAMILY = "1,2";
			};
			name = Debug;
		};
		CEB3630E2988517B000D80E1 /* Release */ = {
			isa = XCBuildConfiguration;
			buildSettings = {
				ASSETCATALOG_COMPILER_APPICON_NAME = AppIcon;
				ASSETCATALOG_COMPILER_GLOBAL_ACCENT_COLOR_NAME = AccentColor;
				CODE_SIGN_STYLE = Automatic;
				CURRENT_PROJECT_VERSION = 1;
				DEVELOPMENT_ASSET_PATHS = "\"test_app/Preview Content\"";
				ENABLE_PREVIEWS = YES;
				GENERATE_INFOPLIST_FILE = YES;
				INFOPLIST_FILE = "test-app-Info.plist";
				INFOPLIST_KEY_UISupportedInterfaceOrientations_iPad = "UIInterfaceOrientationPortrait UIInterfaceOrientationPortraitUpsideDown UIInterfaceOrientationLandscapeLeft UIInterfaceOrientationLandscapeRight";
				LD_RUNPATH_SEARCH_PATHS = (
					"$(inherited)",
					"@executable_path/Frameworks",
				);
				MARKETING_VERSION = 1.0;
				PRODUCT_BUNDLE_IDENTIFIER = "comptest.test-app";
				PRODUCT_NAME = "$(TARGET_NAME)";
				SWIFT_EMIT_LOC_STRINGS = YES;
				SWIFT_VERSION = 5.0;
				TARGETED_DEVICE_FAMILY = "1,2";
			};
			name = Release;
		};
		CEB363102988517B000D80E1 /* Debug */ = {
			isa = XCBuildConfiguration;
			buildSettings = {
				ALWAYS_EMBED_SWIFT_STANDARD_LIBRARIES = YES;
				BUNDLE_LOADER = "$(TEST_HOST)";
				CODE_SIGN_STYLE = Automatic;
				CURRENT_PROJECT_VERSION = 1;
				GENERATE_INFOPLIST_FILE = YES;
				IPHONEOS_DEPLOYMENT_TARGET = 16.2;
				MARKETING_VERSION = 1.0;
				PRODUCT_BUNDLE_IDENTIFIER = "comptest.test-appTests";
				PRODUCT_NAME = "$(TARGET_NAME)";
				SWIFT_EMIT_LOC_STRINGS = NO;
				SWIFT_VERSION = 5.0;
				TARGETED_DEVICE_FAMILY = "1,2";
				TEST_HOST = "$(BUILT_PRODUCTS_DIR)/test_app.app/$(BUNDLE_EXECUTABLE_FOLDER_PATH)/test_app";
			};
			name = Debug;
		};
		CEB363112988517B000D80E1 /* Release */ = {
			isa = XCBuildConfiguration;
			buildSettings = {
				ALWAYS_EMBED_SWIFT_STANDARD_LIBRARIES = YES;
				BUNDLE_LOADER = "$(TEST_HOST)";
				CODE_SIGN_STYLE = Automatic;
				CURRENT_PROJECT_VERSION = 1;
				GENERATE_INFOPLIST_FILE = YES;
				IPHONEOS_DEPLOYMENT_TARGET = 16.2;
				MARKETING_VERSION = 1.0;
				PRODUCT_BUNDLE_IDENTIFIER = "comptest.test-appTests";
				PRODUCT_NAME = "$(TARGET_NAME)";
				SWIFT_EMIT_LOC_STRINGS = NO;
				SWIFT_VERSION = 5.0;
				TARGETED_DEVICE_FAMILY = "1,2";
				TEST_HOST = "$(BUILT_PRODUCTS_DIR)/test_app.app/$(BUNDLE_EXECUTABLE_FOLDER_PATH)/test_app";
			};
			name = Release;
		};
		CEB363132988517B000D80E1 /* Debug */ = {
			isa = XCBuildConfiguration;
			buildSettings = {
				ALWAYS_EMBED_SWIFT_STANDARD_LIBRARIES = YES;
				CODE_SIGN_STYLE = Automatic;
				CURRENT_PROJECT_VERSION = 1;
				GENERATE_INFOPLIST_FILE = YES;
				MARKETING_VERSION = 1.0;
				PRODUCT_BUNDLE_IDENTIFIER = "comptest.test-appUITests";
				PRODUCT_NAME = "$(TARGET_NAME)";
				SWIFT_EMIT_LOC_STRINGS = NO;
				SWIFT_VERSION = 5.0;
				TARGETED_DEVICE_FAMILY = "1,2";
				TEST_TARGET_NAME = test_app;
			};
			name = Debug;
		};
		CEB363142988517B000D80E1 /* Release */ = {
			isa = XCBuildConfiguration;
			buildSettings = {
				ALWAYS_EMBED_SWIFT_STANDARD_LIBRARIES = YES;
				CODE_SIGN_STYLE = Automatic;
				CURRENT_PROJECT_VERSION = 1;
				GENERATE_INFOPLIST_FILE = YES;
				MARKETING_VERSION = 1.0;
				PRODUCT_BUNDLE_IDENTIFIER = "comptest.test-appUITests";
				PRODUCT_NAME = "$(TARGET_NAME)";
				SWIFT_EMIT_LOC_STRINGS = NO;
				SWIFT_VERSION = 5.0;
				TARGETED_DEVICE_FAMILY = "1,2";
				TEST_TARGET_NAME = test_app;
			};
			name = Release;
		};
/* End XCBuildConfiguration section */

/* Begin XCConfigurationList section */
		CEB362E329885177000D80E1 /* Build configuration list for PBXProject "test_app" */ = {
			isa = XCConfigurationList;
			buildConfigurations = (
				CEB3630A2988517B000D80E1 /* Debug */,
				CEB3630B2988517B000D80E1 /* Release */,
			);
			defaultConfigurationIsVisible = 0;
			defaultConfigurationName = Release;
		};
		CEB3630C2988517B000D80E1 /* Build configuration list for PBXNativeTarget "test_app" */ = {
			isa = XCConfigurationList;
			buildConfigurations = (
				CEB3630D2988517B000D80E1 /* Debug */,
				CEB3630E2988517B000D80E1 /* Release */,
			);
			defaultConfigurationIsVisible = 0;
			defaultConfigurationName = Release;
		};
		CEB3630F2988517B000D80E1 /* Build configuration list for PBXNativeTarget "test_appTests" */ = {
			isa = XCConfigurationList;
			buildConfigurations = (
				CEB363102988517B000D80E1 /* Debug */,
				CEB363112988517B000D80E1 /* Release */,
			);
			defaultConfigurationIsVisible = 0;
			defaultConfigurationName = Release;
		};
		CEB363122988517B000D80E1 /* Build configuration list for PBXNativeTarget "test_appUITests" */ = {
			isa = XCConfigurationList;
			buildConfigurations = (
				CEB363132988517B000D80E1 /* Debug */,
				CEB363142988517B000D80E1 /* Release */,
			);
			defaultConfigurationIsVisible = 0;
			defaultConfigurationName = Release;
		};
/* End XCConfigurationList section */
	};
	rootObject = CEB362E029885177000D80E1 /* Project object */;
}
